// !$*UTF8*$!
{
	archiveVersion = 1;
	classes = {
	};
	objectVersion = 50;
	objects = {

/* Begin PBXBuildFile section */
		6E815B37264977C1004DA642 /* View-Extension.swift in Sources */ = {isa = PBXBuildFile; fileRef = 6E815B36264977C1004DA642 /* View-Extension.swift */; };
		6E815B39264977EC004DA642 /* Color-Extension.swift in Sources */ = {isa = PBXBuildFile; fileRef = 6E815B38264977EC004DA642 /* Color-Extension.swift */; };
		6E815B3A26497C7A004DA642 /* MockClasses.swift in Sources */ = {isa = PBXBuildFile; fileRef = 6E815DD92641650D00BBEBAF /* MockClasses.swift */; };
		6E815D9D2641482000BBEBAF /* HealthKitAppApp.swift in Sources */ = {isa = PBXBuildFile; fileRef = 6E815D9C2641482000BBEBAF /* HealthKitAppApp.swift */; };
		6E815D9F2641482000BBEBAF /* AllStepsView.swift in Sources */ = {isa = PBXBuildFile; fileRef = 6E815D9E2641482000BBEBAF /* AllStepsView.swift */; };
		6E815DA12641482100BBEBAF /* Assets.xcassets in Resources */ = {isa = PBXBuildFile; fileRef = 6E815DA02641482100BBEBAF /* Assets.xcassets */; };
		6E815DA42641482100BBEBAF /* Preview Assets.xcassets in Resources */ = {isa = PBXBuildFile; fileRef = 6E815DA32641482100BBEBAF /* Preview Assets.xcassets */; };
		6E815DAF2641482100BBEBAF /* HealthKitAppTests.swift in Sources */ = {isa = PBXBuildFile; fileRef = 6E815DAE2641482100BBEBAF /* HealthKitAppTests.swift */; };
		6E815DBA2641482100BBEBAF /* HealthKitAppUITests.swift in Sources */ = {isa = PBXBuildFile; fileRef = 6E815DB92641482100BBEBAF /* HealthKitAppUITests.swift */; };
		6E815DC826414ACB00BBEBAF /* HealthStore.swift in Sources */ = {isa = PBXBuildFile; fileRef = 6E815DC726414ACB00BBEBAF /* HealthStore.swift */; };
		6E815DCE26414BE200BBEBAF /* HealthKit.framework in Frameworks */ = {isa = PBXBuildFile; fileRef = 6E815DCD26414BE200BBEBAF /* HealthKit.framework */; };
		6E815DD22641601500BBEBAF /* Date-Extension.swift in Sources */ = {isa = PBXBuildFile; fileRef = 6E815DD12641601500BBEBAF /* Date-Extension.swift */; };
		6E815DD72641607B00BBEBAF /* Step.swift in Sources */ = {isa = PBXBuildFile; fileRef = 6E815DD62641607B00BBEBAF /* Step.swift */; };
		6E815DDD2641657500BBEBAF /* StepBar.swift in Sources */ = {isa = PBXBuildFile; fileRef = 6E815DDC2641657500BBEBAF /* StepBar.swift */; };
		6E88605E26440CB300625B06 /* AllStepsViewModel.swift in Sources */ = {isa = PBXBuildFile; fileRef = 6E88605D26440CB300625B06 /* AllStepsViewModel.swift */; };
		6E937C7D264A849900B3954F /* TotalStepsDisplay.swift in Sources */ = {isa = PBXBuildFile; fileRef = 6E937C7C264A849900B3954F /* TotalStepsDisplay.swift */; };
		6E937C7F264A970800B3954F /* StepsDisplay.swift in Sources */ = {isa = PBXBuildFile; fileRef = 6E937C7E264A970800B3954F /* StepsDisplay.swift */; };
		6E937C81264A986000B3954F /* PreviewConstants.swift in Sources */ = {isa = PBXBuildFile; fileRef = 6E937C80264A986000B3954F /* PreviewConstants.swift */; };
/* End PBXBuildFile section */

/* Begin PBXContainerItemProxy section */
		6E815DAB2641482100BBEBAF /* PBXContainerItemProxy */ = {
			isa = PBXContainerItemProxy;
			containerPortal = 6E815D912641482000BBEBAF /* Project object */;
			proxyType = 1;
			remoteGlobalIDString = 6E815D982641482000BBEBAF;
			remoteInfo = HealthKitApp;
		};
		6E815DB62641482100BBEBAF /* PBXContainerItemProxy */ = {
			isa = PBXContainerItemProxy;
			containerPortal = 6E815D912641482000BBEBAF /* Project object */;
			proxyType = 1;
			remoteGlobalIDString = 6E815D982641482000BBEBAF;
			remoteInfo = HealthKitApp;
		};
/* End PBXContainerItemProxy section */

/* Begin PBXFileReference section */
		6E815B36264977C1004DA642 /* View-Extension.swift */ = {isa = PBXFileReference; lastKnownFileType = sourcecode.swift; path = "View-Extension.swift"; sourceTree = "<group>"; };
		6E815B38264977EC004DA642 /* Color-Extension.swift */ = {isa = PBXFileReference; lastKnownFileType = sourcecode.swift; path = "Color-Extension.swift"; sourceTree = "<group>"; };
		6E815D992641482000BBEBAF /* HealthKitApp.app */ = {isa = PBXFileReference; explicitFileType = wrapper.application; includeInIndex = 0; path = HealthKitApp.app; sourceTree = BUILT_PRODUCTS_DIR; };
		6E815D9C2641482000BBEBAF /* HealthKitAppApp.swift */ = {isa = PBXFileReference; lastKnownFileType = sourcecode.swift; path = HealthKitAppApp.swift; sourceTree = "<group>"; };
		6E815D9E2641482000BBEBAF /* AllStepsView.swift */ = {isa = PBXFileReference; lastKnownFileType = sourcecode.swift; path = AllStepsView.swift; sourceTree = "<group>"; };
		6E815DA02641482100BBEBAF /* Assets.xcassets */ = {isa = PBXFileReference; lastKnownFileType = folder.assetcatalog; path = Assets.xcassets; sourceTree = "<group>"; };
		6E815DA32641482100BBEBAF /* Preview Assets.xcassets */ = {isa = PBXFileReference; lastKnownFileType = folder.assetcatalog; path = "Preview Assets.xcassets"; sourceTree = "<group>"; };
		6E815DA52641482100BBEBAF /* Info.plist */ = {isa = PBXFileReference; lastKnownFileType = text.plist.xml; path = Info.plist; sourceTree = "<group>"; };
		6E815DAA2641482100BBEBAF /* HealthKitAppTests.xctest */ = {isa = PBXFileReference; explicitFileType = wrapper.cfbundle; includeInIndex = 0; path = HealthKitAppTests.xctest; sourceTree = BUILT_PRODUCTS_DIR; };
		6E815DAE2641482100BBEBAF /* HealthKitAppTests.swift */ = {isa = PBXFileReference; lastKnownFileType = sourcecode.swift; path = HealthKitAppTests.swift; sourceTree = "<group>"; };
		6E815DB02641482100BBEBAF /* Info.plist */ = {isa = PBXFileReference; lastKnownFileType = text.plist.xml; path = Info.plist; sourceTree = "<group>"; };
		6E815DB52641482100BBEBAF /* HealthKitAppUITests.xctest */ = {isa = PBXFileReference; explicitFileType = wrapper.cfbundle; includeInIndex = 0; path = HealthKitAppUITests.xctest; sourceTree = BUILT_PRODUCTS_DIR; };
		6E815DB92641482100BBEBAF /* HealthKitAppUITests.swift */ = {isa = PBXFileReference; lastKnownFileType = sourcecode.swift; path = HealthKitAppUITests.swift; sourceTree = "<group>"; };
		6E815DBB2641482100BBEBAF /* Info.plist */ = {isa = PBXFileReference; lastKnownFileType = text.plist.xml; path = Info.plist; sourceTree = "<group>"; };
		6E815DC726414ACB00BBEBAF /* HealthStore.swift */ = {isa = PBXFileReference; lastKnownFileType = sourcecode.swift; path = HealthStore.swift; sourceTree = "<group>"; };
		6E815DCB26414BE200BBEBAF /* HealthKitApp.entitlements */ = {isa = PBXFileReference; lastKnownFileType = text.plist.entitlements; path = HealthKitApp.entitlements; sourceTree = "<group>"; };
		6E815DCD26414BE200BBEBAF /* HealthKit.framework */ = {isa = PBXFileReference; lastKnownFileType = wrapper.framework; name = HealthKit.framework; path = System/Library/Frameworks/HealthKit.framework; sourceTree = SDKROOT; };
		6E815DD12641601500BBEBAF /* Date-Extension.swift */ = {isa = PBXFileReference; lastKnownFileType = sourcecode.swift; path = "Date-Extension.swift"; sourceTree = "<group>"; };
		6E815DD62641607B00BBEBAF /* Step.swift */ = {isa = PBXFileReference; lastKnownFileType = sourcecode.swift; path = Step.swift; sourceTree = "<group>"; };
		6E815DD92641650D00BBEBAF /* MockClasses.swift */ = {isa = PBXFileReference; lastKnownFileType = sourcecode.swift; path = MockClasses.swift; sourceTree = "<group>"; };
		6E815DDC2641657500BBEBAF /* StepBar.swift */ = {isa = PBXFileReference; lastKnownFileType = sourcecode.swift; path = StepBar.swift; sourceTree = "<group>"; };
		6E88605D26440CB300625B06 /* AllStepsViewModel.swift */ = {isa = PBXFileReference; lastKnownFileType = sourcecode.swift; path = AllStepsViewModel.swift; sourceTree = "<group>"; };
		6E937C7C264A849900B3954F /* TotalStepsDisplay.swift */ = {isa = PBXFileReference; lastKnownFileType = sourcecode.swift; path = TotalStepsDisplay.swift; sourceTree = "<group>"; };
		6E937C7E264A970800B3954F /* StepsDisplay.swift */ = {isa = PBXFileReference; lastKnownFileType = sourcecode.swift; path = StepsDisplay.swift; sourceTree = "<group>"; };
		6E937C80264A986000B3954F /* PreviewConstants.swift */ = {isa = PBXFileReference; lastKnownFileType = sourcecode.swift; path = PreviewConstants.swift; sourceTree = "<group>"; };
/* End PBXFileReference section */

/* Begin PBXFrameworksBuildPhase section */
		6E815D962641482000BBEBAF /* Frameworks */ = {
			isa = PBXFrameworksBuildPhase;
			buildActionMask = 2147483647;
			files = (
				6E815DCE26414BE200BBEBAF /* HealthKit.framework in Frameworks */,
			);
			runOnlyForDeploymentPostprocessing = 0;
		};
		6E815DA72641482100BBEBAF /* Frameworks */ = {
			isa = PBXFrameworksBuildPhase;
			buildActionMask = 2147483647;
			files = (
			);
			runOnlyForDeploymentPostprocessing = 0;
		};
		6E815DB22641482100BBEBAF /* Frameworks */ = {
			isa = PBXFrameworksBuildPhase;
			buildActionMask = 2147483647;
			files = (
			);
			runOnlyForDeploymentPostprocessing = 0;
		};
/* End PBXFrameworksBuildPhase section */

/* Begin PBXGroup section */
		6E815D902641482000BBEBAF = {
			isa = PBXGroup;
			children = (
				6E815D9B2641482000BBEBAF /* HealthKitApp */,
				6E815DAD2641482100BBEBAF /* HealthKitAppTests */,
				6E815DB82641482100BBEBAF /* HealthKitAppUITests */,
				6E815D9A2641482000BBEBAF /* Products */,
				6E815DCC26414BE200BBEBAF /* Frameworks */,
			);
			sourceTree = "<group>";
		};
		6E815D9A2641482000BBEBAF /* Products */ = {
			isa = PBXGroup;
			children = (
				6E815D992641482000BBEBAF /* HealthKitApp.app */,
				6E815DAA2641482100BBEBAF /* HealthKitAppTests.xctest */,
				6E815DB52641482100BBEBAF /* HealthKitAppUITests.xctest */,
			);
			name = Products;
			sourceTree = "<group>";
		};
		6E815D9B2641482000BBEBAF /* HealthKitApp */ = {
			isa = PBXGroup;
			children = (
				6E815DCB26414BE200BBEBAF /* HealthKitApp.entitlements */,
				6E815DA52641482100BBEBAF /* Info.plist */,
				6E815DCF26415F2400BBEBAF /* AppDelegate */,
				6E815DD32641604100BBEBAF /* Extensions */,
				6E815DD42641605000BBEBAF /* HealthKit */,
				6E815DD82641609000BBEBAF /* Models */,
				6E815DA22641482100BBEBAF /* Preview Content */,
				6E815DD52641605F00BBEBAF /* SupportingFiles */,
				6E815DD026415FB300BBEBAF /* Views */,
			);
			path = HealthKitApp;
			sourceTree = "<group>";
		};
		6E815DA22641482100BBEBAF /* Preview Content */ = {
			isa = PBXGroup;
			children = (
				6E815DD92641650D00BBEBAF /* MockClasses.swift */,
				6E937C80264A986000B3954F /* PreviewConstants.swift */,
				6E815DA32641482100BBEBAF /* Preview Assets.xcassets */,
			);
			path = "Preview Content";
			sourceTree = "<group>";
		};
		6E815DAD2641482100BBEBAF /* HealthKitAppTests */ = {
			isa = PBXGroup;
			children = (
				6E815DAE2641482100BBEBAF /* HealthKitAppTests.swift */,
				6E815DB02641482100BBEBAF /* Info.plist */,
			);
			path = HealthKitAppTests;
			sourceTree = "<group>";
		};
		6E815DB82641482100BBEBAF /* HealthKitAppUITests */ = {
			isa = PBXGroup;
			children = (
				6E815DB92641482100BBEBAF /* HealthKitAppUITests.swift */,
				6E815DBB2641482100BBEBAF /* Info.plist */,
			);
			path = HealthKitAppUITests;
			sourceTree = "<group>";
		};
		6E815DCC26414BE200BBEBAF /* Frameworks */ = {
			isa = PBXGroup;
			children = (
				6E815DCD26414BE200BBEBAF /* HealthKit.framework */,
			);
			name = Frameworks;
			sourceTree = "<group>";
		};
		6E815DCF26415F2400BBEBAF /* AppDelegate */ = {
			isa = PBXGroup;
			children = (
				6E815D9C2641482000BBEBAF /* HealthKitAppApp.swift */,
			);
			path = AppDelegate;
			sourceTree = "<group>";
		};
		6E815DD026415FB300BBEBAF /* Views */ = {
			isa = PBXGroup;
			children = (
				6E815D9E2641482000BBEBAF /* AllStepsView.swift */,
				6E815DDE26418A0100BBEBAF /* Elements */,
				6E88605F26440CCA00625B06 /* ViewModel */,
			);
			path = Views;
			sourceTree = "<group>";
		};
		6E815DD32641604100BBEBAF /* Extensions */ = {
			isa = PBXGroup;
			children = (
				6E815B38264977EC004DA642 /* Color-Extension.swift */,
				6E815DD12641601500BBEBAF /* Date-Extension.swift */,
				6E815B36264977C1004DA642 /* View-Extension.swift */,
			);
			path = Extensions;
			sourceTree = "<group>";
		};
		6E815DD42641605000BBEBAF /* HealthKit */ = {
			isa = PBXGroup;
			children = (
				6E815DC726414ACB00BBEBAF /* HealthStore.swift */,
			);
			path = HealthKit;
			sourceTree = "<group>";
		};
		6E815DD52641605F00BBEBAF /* SupportingFiles */ = {
			isa = PBXGroup;
			children = (
				6E815DA02641482100BBEBAF /* Assets.xcassets */,
			);
			path = SupportingFiles;
			sourceTree = "<group>";
		};
		6E815DD82641609000BBEBAF /* Models */ = {
			isa = PBXGroup;
			children = (
				6E815DD62641607B00BBEBAF /* Step.swift */,
			);
			path = Models;
			sourceTree = "<group>";
		};
		6E815DDE26418A0100BBEBAF /* Elements */ = {
			isa = PBXGroup;
			children = (
				6E815DDC2641657500BBEBAF /* StepBar.swift */,
				6E937C7E264A970800B3954F /* StepsDisplay.swift */,
				6E937C7C264A849900B3954F /* TotalStepsDisplay.swift */,
			);
			path = Elements;
			sourceTree = "<group>";
		};
		6E88605F26440CCA00625B06 /* ViewModel */ = {
			isa = PBXGroup;
			children = (
				6E88605D26440CB300625B06 /* AllStepsViewModel.swift */,
			);
			path = ViewModel;
			sourceTree = "<group>";
		};
/* End PBXGroup section */

/* Begin PBXNativeTarget section */
		6E815D982641482000BBEBAF /* HealthKitApp */ = {
			isa = PBXNativeTarget;
			buildConfigurationList = 6E815DBE2641482100BBEBAF /* Build configuration list for PBXNativeTarget "HealthKitApp" */;
			buildPhases = (
				6E815D952641482000BBEBAF /* Sources */,
				6E815D962641482000BBEBAF /* Frameworks */,
				6E815D972641482000BBEBAF /* Resources */,
			);
			buildRules = (
			);
			dependencies = (
			);
			name = HealthKitApp;
			productName = HealthKitApp;
			productReference = 6E815D992641482000BBEBAF /* HealthKitApp.app */;
			productType = "com.apple.product-type.application";
		};
		6E815DA92641482100BBEBAF /* HealthKitAppTests */ = {
			isa = PBXNativeTarget;
			buildConfigurationList = 6E815DC12641482100BBEBAF /* Build configuration list for PBXNativeTarget "HealthKitAppTests" */;
			buildPhases = (
				6E815DA62641482100BBEBAF /* Sources */,
				6E815DA72641482100BBEBAF /* Frameworks */,
				6E815DA82641482100BBEBAF /* Resources */,
			);
			buildRules = (
			);
			dependencies = (
				6E815DAC2641482100BBEBAF /* PBXTargetDependency */,
			);
			name = HealthKitAppTests;
			productName = HealthKitAppTests;
			productReference = 6E815DAA2641482100BBEBAF /* HealthKitAppTests.xctest */;
			productType = "com.apple.product-type.bundle.unit-test";
		};
		6E815DB42641482100BBEBAF /* HealthKitAppUITests */ = {
			isa = PBXNativeTarget;
			buildConfigurationList = 6E815DC42641482100BBEBAF /* Build configuration list for PBXNativeTarget "HealthKitAppUITests" */;
			buildPhases = (
				6E815DB12641482100BBEBAF /* Sources */,
				6E815DB22641482100BBEBAF /* Frameworks */,
				6E815DB32641482100BBEBAF /* Resources */,
			);
			buildRules = (
			);
			dependencies = (
				6E815DB72641482100BBEBAF /* PBXTargetDependency */,
			);
			name = HealthKitAppUITests;
			productName = HealthKitAppUITests;
			productReference = 6E815DB52641482100BBEBAF /* HealthKitAppUITests.xctest */;
			productType = "com.apple.product-type.bundle.ui-testing";
		};
/* End PBXNativeTarget section */

/* Begin PBXProject section */
		6E815D912641482000BBEBAF /* Project object */ = {
			isa = PBXProject;
			attributes = {
				LastSwiftUpdateCheck = 1250;
				LastUpgradeCheck = 1250;
				TargetAttributes = {
					6E815D982641482000BBEBAF = {
						CreatedOnToolsVersion = 12.5;
					};
					6E815DA92641482100BBEBAF = {
						CreatedOnToolsVersion = 12.5;
						TestTargetID = 6E815D982641482000BBEBAF;
					};
					6E815DB42641482100BBEBAF = {
						CreatedOnToolsVersion = 12.5;
						TestTargetID = 6E815D982641482000BBEBAF;
					};
				};
			};
			buildConfigurationList = 6E815D942641482000BBEBAF /* Build configuration list for PBXProject "HealthKitApp" */;
			compatibilityVersion = "Xcode 9.3";
			developmentRegion = en;
			hasScannedForEncodings = 0;
			knownRegions = (
				en,
				Base,
			);
			mainGroup = 6E815D902641482000BBEBAF;
			productRefGroup = 6E815D9A2641482000BBEBAF /* Products */;
			projectDirPath = "";
			projectRoot = "";
			targets = (
				6E815D982641482000BBEBAF /* HealthKitApp */,
				6E815DA92641482100BBEBAF /* HealthKitAppTests */,
				6E815DB42641482100BBEBAF /* HealthKitAppUITests */,
			);
		};
/* End PBXProject section */

/* Begin PBXResourcesBuildPhase section */
		6E815D972641482000BBEBAF /* Resources */ = {
			isa = PBXResourcesBuildPhase;
			buildActionMask = 2147483647;
			files = (
				6E815DA42641482100BBEBAF /* Preview Assets.xcassets in Resources */,
				6E815DA12641482100BBEBAF /* Assets.xcassets in Resources */,
			);
			runOnlyForDeploymentPostprocessing = 0;
		};
		6E815DA82641482100BBEBAF /* Resources */ = {
			isa = PBXResourcesBuildPhase;
			buildActionMask = 2147483647;
			files = (
			);
			runOnlyForDeploymentPostprocessing = 0;
		};
		6E815DB32641482100BBEBAF /* Resources */ = {
			isa = PBXResourcesBuildPhase;
			buildActionMask = 2147483647;
			files = (
			);
			runOnlyForDeploymentPostprocessing = 0;
		};
/* End PBXResourcesBuildPhase section */

/* Begin PBXSourcesBuildPhase section */
		6E815D952641482000BBEBAF /* Sources */ = {
			isa = PBXSourcesBuildPhase;
			buildActionMask = 2147483647;
			files = (
				6E937C81264A986000B3954F /* PreviewConstants.swift in Sources */,
				6E815D9F2641482000BBEBAF /* AllStepsView.swift in Sources */,
				6E815DDD2641657500BBEBAF /* StepBar.swift in Sources */,
				6E815DC826414ACB00BBEBAF /* HealthStore.swift in Sources */,
				6E815B39264977EC004DA642 /* Color-Extension.swift in Sources */,
				6E815D9D2641482000BBEBAF /* HealthKitAppApp.swift in Sources */,
				6E815DD22641601500BBEBAF /* Date-Extension.swift in Sources */,
				6E815B3A26497C7A004DA642 /* MockClasses.swift in Sources */,
				6E815B37264977C1004DA642 /* View-Extension.swift in Sources */,
				6E88605E26440CB300625B06 /* AllStepsViewModel.swift in Sources */,
				6E937C7D264A849900B3954F /* TotalStepsDisplay.swift in Sources */,
				6E937C7F264A970800B3954F /* StepsDisplay.swift in Sources */,
				6E815DD72641607B00BBEBAF /* Step.swift in Sources */,
			);
			runOnlyForDeploymentPostprocessing = 0;
		};
		6E815DA62641482100BBEBAF /* Sources */ = {
			isa = PBXSourcesBuildPhase;
			buildActionMask = 2147483647;
			files = (
				6E815DAF2641482100BBEBAF /* HealthKitAppTests.swift in Sources */,
			);
			runOnlyForDeploymentPostprocessing = 0;
		};
		6E815DB12641482100BBEBAF /* Sources */ = {
			isa = PBXSourcesBuildPhase;
			buildActionMask = 2147483647;
			files = (
				6E815DBA2641482100BBEBAF /* HealthKitAppUITests.swift in Sources */,
			);
			runOnlyForDeploymentPostprocessing = 0;
		};
/* End PBXSourcesBuildPhase section */

/* Begin PBXTargetDependency section */
		6E815DAC2641482100BBEBAF /* PBXTargetDependency */ = {
			isa = PBXTargetDependency;
			target = 6E815D982641482000BBEBAF /* HealthKitApp */;
			targetProxy = 6E815DAB2641482100BBEBAF /* PBXContainerItemProxy */;
		};
		6E815DB72641482100BBEBAF /* PBXTargetDependency */ = {
			isa = PBXTargetDependency;
			target = 6E815D982641482000BBEBAF /* HealthKitApp */;
			targetProxy = 6E815DB62641482100BBEBAF /* PBXContainerItemProxy */;
		};
/* End PBXTargetDependency section */

/* Begin XCBuildConfiguration section */
		6E815DBC2641482100BBEBAF /* Debug */ = {
			isa = XCBuildConfiguration;
			buildSettings = {
				ALWAYS_SEARCH_USER_PATHS = NO;
				CLANG_ANALYZER_NONNULL = YES;
				CLANG_ANALYZER_NUMBER_OBJECT_CONVERSION = YES_AGGRESSIVE;
				CLANG_CXX_LANGUAGE_STANDARD = "gnu++14";
				CLANG_CXX_LIBRARY = "libc++";
				CLANG_ENABLE_MODULES = YES;
				CLANG_ENABLE_OBJC_ARC = YES;
				CLANG_ENABLE_OBJC_WEAK = YES;
				CLANG_WARN_BLOCK_CAPTURE_AUTORELEASING = YES;
				CLANG_WARN_BOOL_CONVERSION = YES;
				CLANG_WARN_COMMA = YES;
				CLANG_WARN_CONSTANT_CONVERSION = YES;
				CLANG_WARN_DEPRECATED_OBJC_IMPLEMENTATIONS = YES;
				CLANG_WARN_DIRECT_OBJC_ISA_USAGE = YES_ERROR;
				CLANG_WARN_DOCUMENTATION_COMMENTS = YES;
				CLANG_WARN_EMPTY_BODY = YES;
				CLANG_WARN_ENUM_CONVERSION = YES;
				CLANG_WARN_INFINITE_RECURSION = YES;
				CLANG_WARN_INT_CONVERSION = YES;
				CLANG_WARN_NON_LITERAL_NULL_CONVERSION = YES;
				CLANG_WARN_OBJC_IMPLICIT_RETAIN_SELF = YES;
				CLANG_WARN_OBJC_LITERAL_CONVERSION = YES;
				CLANG_WARN_OBJC_ROOT_CLASS = YES_ERROR;
				CLANG_WARN_QUOTED_INCLUDE_IN_FRAMEWORK_HEADER = YES;
				CLANG_WARN_RANGE_LOOP_ANALYSIS = YES;
				CLANG_WARN_STRICT_PROTOTYPES = YES;
				CLANG_WARN_SUSPICIOUS_MOVE = YES;
				CLANG_WARN_UNGUARDED_AVAILABILITY = YES_AGGRESSIVE;
				CLANG_WARN_UNREACHABLE_CODE = YES;
				CLANG_WARN__DUPLICATE_METHOD_MATCH = YES;
				COPY_PHASE_STRIP = NO;
				DEBUG_INFORMATION_FORMAT = dwarf;
				ENABLE_STRICT_OBJC_MSGSEND = YES;
				ENABLE_TESTABILITY = YES;
				GCC_C_LANGUAGE_STANDARD = gnu11;
				GCC_DYNAMIC_NO_PIC = NO;
				GCC_NO_COMMON_BLOCKS = YES;
				GCC_OPTIMIZATION_LEVEL = 0;
				GCC_PREPROCESSOR_DEFINITIONS = (
					"DEBUG=1",
					"$(inherited)",
				);
				GCC_WARN_64_TO_32_BIT_CONVERSION = YES;
				GCC_WARN_ABOUT_RETURN_TYPE = YES_ERROR;
				GCC_WARN_UNDECLARED_SELECTOR = YES;
				GCC_WARN_UNINITIALIZED_AUTOS = YES_AGGRESSIVE;
				GCC_WARN_UNUSED_FUNCTION = YES;
				GCC_WARN_UNUSED_VARIABLE = YES;
				IPHONEOS_DEPLOYMENT_TARGET = 14.5;
				MTL_ENABLE_DEBUG_INFO = INCLUDE_SOURCE;
				MTL_FAST_MATH = YES;
				ONLY_ACTIVE_ARCH = YES;
				SDKROOT = iphoneos;
				SWIFT_ACTIVE_COMPILATION_CONDITIONS = DEBUG;
				SWIFT_OPTIMIZATION_LEVEL = "-Onone";
			};
			name = Debug;
		};
		6E815DBD2641482100BBEBAF /* Release */ = {
			isa = XCBuildConfiguration;
			buildSettings = {
				ALWAYS_SEARCH_USER_PATHS = NO;
				CLANG_ANALYZER_NONNULL = YES;
				CLANG_ANALYZER_NUMBER_OBJECT_CONVERSION = YES_AGGRESSIVE;
				CLANG_CXX_LANGUAGE_STANDARD = "gnu++14";
				CLANG_CXX_LIBRARY = "libc++";
				CLANG_ENABLE_MODULES = YES;
				CLANG_ENABLE_OBJC_ARC = YES;
				CLANG_ENABLE_OBJC_WEAK = YES;
				CLANG_WARN_BLOCK_CAPTURE_AUTORELEASING = YES;
				CLANG_WARN_BOOL_CONVERSION = YES;
				CLANG_WARN_COMMA = YES;
				CLANG_WARN_CONSTANT_CONVERSION = YES;
				CLANG_WARN_DEPRECATED_OBJC_IMPLEMENTATIONS = YES;
				CLANG_WARN_DIRECT_OBJC_ISA_USAGE = YES_ERROR;
				CLANG_WARN_DOCUMENTATION_COMMENTS = YES;
				CLANG_WARN_EMPTY_BODY = YES;
				CLANG_WARN_ENUM_CONVERSION = YES;
				CLANG_WARN_INFINITE_RECURSION = YES;
				CLANG_WARN_INT_CONVERSION = YES;
				CLANG_WARN_NON_LITERAL_NULL_CONVERSION = YES;
				CLANG_WARN_OBJC_IMPLICIT_RETAIN_SELF = YES;
				CLANG_WARN_OBJC_LITERAL_CONVERSION = YES;
				CLANG_WARN_OBJC_ROOT_CLASS = YES_ERROR;
				CLANG_WARN_QUOTED_INCLUDE_IN_FRAMEWORK_HEADER = YES;
				CLANG_WARN_RANGE_LOOP_ANALYSIS = YES;
				CLANG_WARN_STRICT_PROTOTYPES = YES;
				CLANG_WARN_SUSPICIOUS_MOVE = YES;
				CLANG_WARN_UNGUARDED_AVAILABILITY = YES_AGGRESSIVE;
				CLANG_WARN_UNREACHABLE_CODE = YES;
				CLANG_WARN__DUPLICATE_METHOD_MATCH = YES;
				COPY_PHASE_STRIP = NO;
				DEBUG_INFORMATION_FORMAT = "dwarf-with-dsym";
				ENABLE_NS_ASSERTIONS = NO;
				ENABLE_STRICT_OBJC_MSGSEND = YES;
				GCC_C_LANGUAGE_STANDARD = gnu11;
				GCC_NO_COMMON_BLOCKS = YES;
				GCC_WARN_64_TO_32_BIT_CONVERSION = YES;
				GCC_WARN_ABOUT_RETURN_TYPE = YES_ERROR;
				GCC_WARN_UNDECLARED_SELECTOR = YES;
				GCC_WARN_UNINITIALIZED_AUTOS = YES_AGGRESSIVE;
				GCC_WARN_UNUSED_FUNCTION = YES;
				GCC_WARN_UNUSED_VARIABLE = YES;
				IPHONEOS_DEPLOYMENT_TARGET = 14.5;
				MTL_ENABLE_DEBUG_INFO = NO;
				MTL_FAST_MATH = YES;
				SDKROOT = iphoneos;
				SWIFT_COMPILATION_MODE = wholemodule;
				SWIFT_OPTIMIZATION_LEVEL = "-O";
				VALIDATE_PRODUCT = YES;
			};
			name = Release;
		};
		6E815DBF2641482100BBEBAF /* Debug */ = {
			isa = XCBuildConfiguration;
			buildSettings = {
				ASSETCATALOG_COMPILER_APPICON_NAME = AppIcon;
				ASSETCATALOG_COMPILER_GLOBAL_ACCENT_COLOR_NAME = AccentColor;
				CODE_SIGN_ENTITLEMENTS = HealthKitApp/HealthKitApp.entitlements;
				CODE_SIGN_STYLE = Automatic;
				DEVELOPMENT_ASSET_PATHS = "\"HealthKitApp/Preview Content\"";
				DEVELOPMENT_TEAM = QDUTEX33CU;
				ENABLE_PREVIEWS = YES;
				INFOPLIST_FILE = HealthKitApp/Info.plist;
				IPHONEOS_DEPLOYMENT_TARGET = 14.0;
				LD_RUNPATH_SEARCH_PATHS = (
					"$(inherited)",
					"@executable_path/Frameworks",
				);
				PRODUCT_BUNDLE_IDENTIFIER = com.matthiaszarzecki.HealthKitApp;
				PRODUCT_NAME = "$(TARGET_NAME)";
				SWIFT_VERSION = 5.0;
				TARGETED_DEVICE_FAMILY = "1,2";
			};
			name = Debug;
		};
		6E815DC02641482100BBEBAF /* Release */ = {
			isa = XCBuildConfiguration;
			buildSettings = {
				ASSETCATALOG_COMPILER_APPICON_NAME = AppIcon;
				ASSETCATALOG_COMPILER_GLOBAL_ACCENT_COLOR_NAME = AccentColor;
				CODE_SIGN_ENTITLEMENTS = HealthKitApp/HealthKitApp.entitlements;
				CODE_SIGN_STYLE = Automatic;
				DEVELOPMENT_ASSET_PATHS = "\"HealthKitApp/Preview Content\"";
				DEVELOPMENT_TEAM = QDUTEX33CU;
				ENABLE_PREVIEWS = YES;
				INFOPLIST_FILE = HealthKitApp/Info.plist;
				IPHONEOS_DEPLOYMENT_TARGET = 14.0;
				LD_RUNPATH_SEARCH_PATHS = (
					"$(inherited)",
					"@executable_path/Frameworks",
				);
				PRODUCT_BUNDLE_IDENTIFIER = com.matthiaszarzecki.HealthKitApp;
				PRODUCT_NAME = "$(TARGET_NAME)";
				SWIFT_VERSION = 5.0;
				TARGETED_DEVICE_FAMILY = "1,2";
			};
			name = Release;
		};
		6E815DC22641482100BBEBAF /* Debug */ = {
			isa = XCBuildConfiguration;
			buildSettings = {
				ALWAYS_EMBED_SWIFT_STANDARD_LIBRARIES = YES;
				BUNDLE_LOADER = "$(TEST_HOST)";
				CODE_SIGN_STYLE = Automatic;
				DEVELOPMENT_TEAM = QDUTEX33CU;
				INFOPLIST_FILE = HealthKitAppTests/Info.plist;
				IPHONEOS_DEPLOYMENT_TARGET = 14.0;
				LD_RUNPATH_SEARCH_PATHS = (
					"$(inherited)",
					"@executable_path/Frameworks",
					"@loader_path/Frameworks",
				);
				PRODUCT_BUNDLE_IDENTIFIER = com.matthiaszarzecki.HealthKitAppTests;
				PRODUCT_NAME = "$(TARGET_NAME)";
				SWIFT_VERSION = 5.0;
				TARGETED_DEVICE_FAMILY = "1,2";
				TEST_HOST = "$(BUILT_PRODUCTS_DIR)/HealthKitApp.app/HealthKitApp";
			};
			name = Debug;
		};
		6E815DC32641482100BBEBAF /* Release */ = {
			isa = XCBuildConfiguration;
			buildSettings = {
				ALWAYS_EMBED_SWIFT_STANDARD_LIBRARIES = YES;
				BUNDLE_LOADER = "$(TEST_HOST)";
				CODE_SIGN_STYLE = Automatic;
				DEVELOPMENT_TEAM = QDUTEX33CU;
				INFOPLIST_FILE = HealthKitAppTests/Info.plist;
				IPHONEOS_DEPLOYMENT_TARGET = 14.0;
				LD_RUNPATH_SEARCH_PATHS = (
					"$(inherited)",
					"@executable_path/Frameworks",
					"@loader_path/Frameworks",
				);
				PRODUCT_BUNDLE_IDENTIFIER = com.matthiaszarzecki.HealthKitAppTests;
				PRODUCT_NAME = "$(TARGET_NAME)";
				SWIFT_VERSION = 5.0;
				TARGETED_DEVICE_FAMILY = "1,2";
				TEST_HOST = "$(BUILT_PRODUCTS_DIR)/HealthKitApp.app/HealthKitApp";
			};
			name = Release;
		};
		6E815DC52641482100BBEBAF /* Debug */ = {
			isa = XCBuildConfiguration;
			buildSettings = {
				ALWAYS_EMBED_SWIFT_STANDARD_LIBRARIES = YES;
				CODE_SIGN_STYLE = Automatic;
				DEVELOPMENT_TEAM = QDUTEX33CU;
				INFOPLIST_FILE = HealthKitAppUITests/Info.plist;
				LD_RUNPATH_SEARCH_PATHS = (
					"$(inherited)",
					"@executable_path/Frameworks",
					"@loader_path/Frameworks",
				);
				PRODUCT_BUNDLE_IDENTIFIER = com.matthiaszarzecki.HealthKitAppUITests;
				PRODUCT_NAME = "$(TARGET_NAME)";
				SWIFT_VERSION = 5.0;
				TARGETED_DEVICE_FAMILY = "1,2";
				TEST_TARGET_NAME = HealthKitApp;
			};
			name = Debug;
		};
		6E815DC62641482100BBEBAF /* Release */ = {
			isa = XCBuildConfiguration;
			buildSettings = {
				ALWAYS_EMBED_SWIFT_STANDARD_LIBRARIES = YES;
				CODE_SIGN_STYLE = Automatic;
				DEVELOPMENT_TEAM = QDUTEX33CU;
				INFOPLIST_FILE = HealthKitAppUITests/Info.plist;
				LD_RUNPATH_SEARCH_PATHS = (
					"$(inherited)",
					"@executable_path/Frameworks",
					"@loader_path/Frameworks",
				);
				PRODUCT_BUNDLE_IDENTIFIER = com.matthiaszarzecki.HealthKitAppUITests;
				PRODUCT_NAME = "$(TARGET_NAME)";
				SWIFT_VERSION = 5.0;
				TARGETED_DEVICE_FAMILY = "1,2";
				TEST_TARGET_NAME = HealthKitApp;
			};
			name = Release;
		};
/* End XCBuildConfiguration section */

/* Begin XCConfigurationList section */
		6E815D942641482000BBEBAF /* Build configuration list for PBXProject "HealthKitApp" */ = {
			isa = XCConfigurationList;
			buildConfigurations = (
				6E815DBC2641482100BBEBAF /* Debug */,
				6E815DBD2641482100BBEBAF /* Release */,
			);
			defaultConfigurationIsVisible = 0;
			defaultConfigurationName = Release;
		};
		6E815DBE2641482100BBEBAF /* Build configuration list for PBXNativeTarget "HealthKitApp" */ = {
			isa = XCConfigurationList;
			buildConfigurations = (
				6E815DBF2641482100BBEBAF /* Debug */,
				6E815DC02641482100BBEBAF /* Release */,
			);
			defaultConfigurationIsVisible = 0;
			defaultConfigurationName = Release;
		};
		6E815DC12641482100BBEBAF /* Build configuration list for PBXNativeTarget "HealthKitAppTests" */ = {
			isa = XCConfigurationList;
			buildConfigurations = (
				6E815DC22641482100BBEBAF /* Debug */,
				6E815DC32641482100BBEBAF /* Release */,
			);
			defaultConfigurationIsVisible = 0;
			defaultConfigurationName = Release;
		};
		6E815DC42641482100BBEBAF /* Build configuration list for PBXNativeTarget "HealthKitAppUITests" */ = {
			isa = XCConfigurationList;
			buildConfigurations = (
				6E815DC52641482100BBEBAF /* Debug */,
				6E815DC62641482100BBEBAF /* Release */,
			);
			defaultConfigurationIsVisible = 0;
			defaultConfigurationName = Release;
		};
/* End XCConfigurationList section */
	};
	rootObject = 6E815D912641482000BBEBAF /* Project object */;
}
