// !$*UTF8*$!
{
	archiveVersion = 1;
	classes = {
	};
	objectVersion = 56;
	objects = {

/* Begin PBXBuildFile section */
		6EBEEB7D2C71E7B000086347 /* HealthKitPresentationStarterApp.swift in Sources */ = {isa = PBXBuildFile; fileRef = 6EBEEB7C2C71E7B000086347 /* HealthKitPresentationStarterApp.swift */; };
		6EBEEB7F2C71E7B000086347 /* ContentView.swift in Sources */ = {isa = PBXBuildFile; fileRef = 6EBEEB7E2C71E7B000086347 /* ContentView.swift */; };
		6EBEEB812C71E7B200086347 /* Assets.xcassets in Resources */ = {isa = PBXBuildFile; fileRef = 6EBEEB802C71E7B200086347 /* Assets.xcassets */; };
		6EBEEB852C71E7B200086347 /* Preview Assets.xcassets in Resources */ = {isa = PBXBuildFile; fileRef = 6EBEEB842C71E7B200086347 /* Preview Assets.xcassets */; };
		6EBEEB8F2C71E7B200086347 /* HealthKitPresentationStarterTests.swift in Sources */ = {isa = PBXBuildFile; fileRef = 6EBEEB8E2C71E7B200086347 /* HealthKitPresentationStarterTests.swift */; };
		6EBEEB992C71E7B200086347 /* HealthKitPresentationStarterUITests.swift in Sources */ = {isa = PBXBuildFile; fileRef = 6EBEEB982C71E7B200086347 /* HealthKitPresentationStarterUITests.swift */; };
		6EBEEB9B2C71E7B200086347 /* HealthKitPresentationStarterUITestsLaunchTests.swift in Sources */ = {isa = PBXBuildFile; fileRef = 6EBEEB9A2C71E7B200086347 /* HealthKitPresentationStarterUITestsLaunchTests.swift */; };
/* End PBXBuildFile section */

/* Begin PBXContainerItemProxy section */
		6EBEEB8B2C71E7B200086347 /* PBXContainerItemProxy */ = {
			isa = PBXContainerItemProxy;
			containerPortal = 6EBEEB712C71E7B000086347 /* Project object */;
			proxyType = 1;
			remoteGlobalIDString = 6EBEEB782C71E7B000086347;
			remoteInfo = HealthKitPresentationStarter;
		};
		6EBEEB952C71E7B200086347 /* PBXContainerItemProxy */ = {
			isa = PBXContainerItemProxy;
			containerPortal = 6EBEEB712C71E7B000086347 /* Project object */;
			proxyType = 1;
			remoteGlobalIDString = 6EBEEB782C71E7B000086347;
			remoteInfo = HealthKitPresentationStarter;
		};
/* End PBXContainerItemProxy section */

/* Begin PBXFileReference section */
		6EBEEB792C71E7B000086347 /* HealthKitPresentationStarter.app */ = {isa = PBXFileReference; explicitFileType = wrapper.application; includeInIndex = 0; path = HealthKitPresentationStarter.app; sourceTree = BUILT_PRODUCTS_DIR; };
		6EBEEB7C2C71E7B000086347 /* HealthKitPresentationStarterApp.swift */ = {isa = PBXFileReference; lastKnownFileType = sourcecode.swift; path = HealthKitPresentationStarterApp.swift; sourceTree = "<group>"; };
		6EBEEB7E2C71E7B000086347 /* ContentView.swift */ = {isa = PBXFileReference; lastKnownFileType = sourcecode.swift; path = ContentView.swift; sourceTree = "<group>"; };
		6EBEEB802C71E7B200086347 /* Assets.xcassets */ = {isa = PBXFileReference; lastKnownFileType = folder.assetcatalog; path = Assets.xcassets; sourceTree = "<group>"; };
		6EBEEB822C71E7B200086347 /* HealthKitPresentationStarter.entitlements */ = {isa = PBXFileReference; lastKnownFileType = text.plist.entitlements; path = HealthKitPresentationStarter.entitlements; sourceTree = "<group>"; };
		6EBEEB842C71E7B200086347 /* Preview Assets.xcassets */ = {isa = PBXFileReference; lastKnownFileType = folder.assetcatalog; path = "Preview Assets.xcassets"; sourceTree = "<group>"; };
		6EBEEB8A2C71E7B200086347 /* HealthKitPresentationStarterTests.xctest */ = {isa = PBXFileReference; explicitFileType = wrapper.cfbundle; includeInIndex = 0; path = HealthKitPresentationStarterTests.xctest; sourceTree = BUILT_PRODUCTS_DIR; };
		6EBEEB8E2C71E7B200086347 /* HealthKitPresentationStarterTests.swift */ = {isa = PBXFileReference; lastKnownFileType = sourcecode.swift; path = HealthKitPresentationStarterTests.swift; sourceTree = "<group>"; };
		6EBEEB942C71E7B200086347 /* HealthKitPresentationStarterUITests.xctest */ = {isa = PBXFileReference; explicitFileType = wrapper.cfbundle; includeInIndex = 0; path = HealthKitPresentationStarterUITests.xctest; sourceTree = BUILT_PRODUCTS_DIR; };
		6EBEEB982C71E7B200086347 /* HealthKitPresentationStarterUITests.swift */ = {isa = PBXFileReference; lastKnownFileType = sourcecode.swift; path = HealthKitPresentationStarterUITests.swift; sourceTree = "<group>"; };
		6EBEEB9A2C71E7B200086347 /* HealthKitPresentationStarterUITestsLaunchTests.swift */ = {isa = PBXFileReference; lastKnownFileType = sourcecode.swift; path = HealthKitPresentationStarterUITestsLaunchTests.swift; sourceTree = "<group>"; };
/* End PBXFileReference section */

/* Begin PBXFrameworksBuildPhase section */
		6EBEEB762C71E7B000086347 /* Frameworks */ = {
			isa = PBXFrameworksBuildPhase;
			buildActionMask = 2147483647;
			files = (
			);
			runOnlyForDeploymentPostprocessing = 0;
		};
		6EBEEB872C71E7B200086347 /* Frameworks */ = {
			isa = PBXFrameworksBuildPhase;
			buildActionMask = 2147483647;
			files = (
			);
			runOnlyForDeploymentPostprocessing = 0;
		};
		6EBEEB912C71E7B200086347 /* Frameworks */ = {
			isa = PBXFrameworksBuildPhase;
			buildActionMask = 2147483647;
			files = (
			);
			runOnlyForDeploymentPostprocessing = 0;
		};
/* End PBXFrameworksBuildPhase section */

/* Begin PBXGroup section */
		6EBEEB702C71E7B000086347 = {
			isa = PBXGroup;
			children = (
				6EBEEB7B2C71E7B000086347 /* HealthKitPresentationStarter */,
				6EBEEB8D2C71E7B200086347 /* HealthKitPresentationStarterTests */,
				6EBEEB972C71E7B200086347 /* HealthKitPresentationStarterUITests */,
				6EBEEB7A2C71E7B000086347 /* Products */,
			);
			sourceTree = "<group>";
		};
		6EBEEB7A2C71E7B000086347 /* Products */ = {
			isa = PBXGroup;
			children = (
				6EBEEB792C71E7B000086347 /* HealthKitPresentationStarter.app */,
				6EBEEB8A2C71E7B200086347 /* HealthKitPresentationStarterTests.xctest */,
				6EBEEB942C71E7B200086347 /* HealthKitPresentationStarterUITests.xctest */,
			);
			name = Products;
			sourceTree = "<group>";
		};
		6EBEEB7B2C71E7B000086347 /* HealthKitPresentationStarter */ = {
			isa = PBXGroup;
			children = (
				6EBEEB822C71E7B200086347 /* HealthKitPresentationStarter.entitlements */,
				6EBEEB802C71E7B200086347 /* Assets.xcassets */,
				6EBEEBA82C71E7C400086347 /* AppDelegate */,
				6EBEEB832C71E7B200086347 /* Preview Content */,
				6EBEEBA72C71E7C000086347 /* Views */,
			);
			path = HealthKitPresentationStarter;
			sourceTree = "<group>";
		};
		6EBEEB832C71E7B200086347 /* Preview Content */ = {
			isa = PBXGroup;
			children = (
				6EBEEB842C71E7B200086347 /* Preview Assets.xcassets */,
			);
			path = "Preview Content";
			sourceTree = "<group>";
		};
		6EBEEB8D2C71E7B200086347 /* HealthKitPresentationStarterTests */ = {
			isa = PBXGroup;
			children = (
				6EBEEB8E2C71E7B200086347 /* HealthKitPresentationStarterTests.swift */,
			);
			path = HealthKitPresentationStarterTests;
			sourceTree = "<group>";
		};
		6EBEEB972C71E7B200086347 /* HealthKitPresentationStarterUITests */ = {
			isa = PBXGroup;
			children = (
				6EBEEB982C71E7B200086347 /* HealthKitPresentationStarterUITests.swift */,
				6EBEEB9A2C71E7B200086347 /* HealthKitPresentationStarterUITestsLaunchTests.swift */,
			);
			path = HealthKitPresentationStarterUITests;
			sourceTree = "<group>";
		};
		6EBEEBA72C71E7C000086347 /* Views */ = {
			isa = PBXGroup;
			children = (
				6EBEEB7E2C71E7B000086347 /* ContentView.swift */,
			);
			path = Views;
			sourceTree = "<group>";
		};
		6EBEEBA82C71E7C400086347 /* AppDelegate */ = {
			isa = PBXGroup;
			children = (
				6EBEEB7C2C71E7B000086347 /* HealthKitPresentationStarterApp.swift */,
			);
			path = AppDelegate;
			sourceTree = "<group>";
		};
/* End PBXGroup section */

/* Begin PBXNativeTarget section */
		6EBEEB782C71E7B000086347 /* HealthKitPresentationStarter */ = {
			isa = PBXNativeTarget;
			buildConfigurationList = 6EBEEB9E2C71E7B200086347 /* Build configuration list for PBXNativeTarget "HealthKitPresentationStarter" */;
			buildPhases = (
				6EBEEB752C71E7B000086347 /* Sources */,
				6EBEEB762C71E7B000086347 /* Frameworks */,
				6EBEEB772C71E7B000086347 /* Resources */,
			);
			buildRules = (
			);
			dependencies = (
			);
			name = HealthKitPresentationStarter;
			productName = HealthKitPresentationStarter;
			productReference = 6EBEEB792C71E7B000086347 /* HealthKitPresentationStarter.app */;
			productType = "com.apple.product-type.application";
		};
		6EBEEB892C71E7B200086347 /* HealthKitPresentationStarterTests */ = {
			isa = PBXNativeTarget;
			buildConfigurationList = 6EBEEBA12C71E7B200086347 /* Build configuration list for PBXNativeTarget "HealthKitPresentationStarterTests" */;
			buildPhases = (
				6EBEEB862C71E7B200086347 /* Sources */,
				6EBEEB872C71E7B200086347 /* Frameworks */,
				6EBEEB882C71E7B200086347 /* Resources */,
			);
			buildRules = (
			);
			dependencies = (
				6EBEEB8C2C71E7B200086347 /* PBXTargetDependency */,
			);
			name = HealthKitPresentationStarterTests;
			productName = HealthKitPresentationStarterTests;
			productReference = 6EBEEB8A2C71E7B200086347 /* HealthKitPresentationStarterTests.xctest */;
			productType = "com.apple.product-type.bundle.unit-test";
		};
		6EBEEB932C71E7B200086347 /* HealthKitPresentationStarterUITests */ = {
			isa = PBXNativeTarget;
			buildConfigurationList = 6EBEEBA42C71E7B200086347 /* Build configuration list for PBXNativeTarget "HealthKitPresentationStarterUITests" */;
			buildPhases = (
				6EBEEB902C71E7B200086347 /* Sources */,
				6EBEEB912C71E7B200086347 /* Frameworks */,
				6EBEEB922C71E7B200086347 /* Resources */,
			);
			buildRules = (
			);
			dependencies = (
				6EBEEB962C71E7B200086347 /* PBXTargetDependency */,
			);
			name = HealthKitPresentationStarterUITests;
			productName = HealthKitPresentationStarterUITests;
			productReference = 6EBEEB942C71E7B200086347 /* HealthKitPresentationStarterUITests.xctest */;
			productType = "com.apple.product-type.bundle.ui-testing";
		};
/* End PBXNativeTarget section */

/* Begin PBXProject section */
		6EBEEB712C71E7B000086347 /* Project object */ = {
			isa = PBXProject;
			attributes = {
				BuildIndependentTargetsInParallel = 1;
				LastSwiftUpdateCheck = 1540;
				LastUpgradeCheck = 1540;
				TargetAttributes = {
					6EBEEB782C71E7B000086347 = {
						CreatedOnToolsVersion = 15.4;
					};
					6EBEEB892C71E7B200086347 = {
						CreatedOnToolsVersion = 15.4;
						TestTargetID = 6EBEEB782C71E7B000086347;
					};
					6EBEEB932C71E7B200086347 = {
						CreatedOnToolsVersion = 15.4;
						TestTargetID = 6EBEEB782C71E7B000086347;
					};
				};
			};
			buildConfigurationList = 6EBEEB742C71E7B000086347 /* Build configuration list for PBXProject "HealthKitPresentationStarter" */;
			compatibilityVersion = "Xcode 14.0";
			developmentRegion = en;
			hasScannedForEncodings = 0;
			knownRegions = (
				en,
				Base,
			);
			mainGroup = 6EBEEB702C71E7B000086347;
			productRefGroup = 6EBEEB7A2C71E7B000086347 /* Products */;
			projectDirPath = "";
			projectRoot = "";
			targets = (
				6EBEEB782C71E7B000086347 /* HealthKitPresentationStarter */,
				6EBEEB892C71E7B200086347 /* HealthKitPresentationStarterTests */,
				6EBEEB932C71E7B200086347 /* HealthKitPresentationStarterUITests */,
			);
		};
/* End PBXProject section */

/* Begin PBXResourcesBuildPhase section */
		6EBEEB772C71E7B000086347 /* Resources */ = {
			isa = PBXResourcesBuildPhase;
			buildActionMask = 2147483647;
			files = (
				6EBEEB852C71E7B200086347 /* Preview Assets.xcassets in Resources */,
				6EBEEB812C71E7B200086347 /* Assets.xcassets in Resources */,
			);
			runOnlyForDeploymentPostprocessing = 0;
		};
		6EBEEB882C71E7B200086347 /* Resources */ = {
			isa = PBXResourcesBuildPhase;
			buildActionMask = 2147483647;
			files = (
			);
			runOnlyForDeploymentPostprocessing = 0;
		};
		6EBEEB922C71E7B200086347 /* Resources */ = {
			isa = PBXResourcesBuildPhase;
			buildActionMask = 2147483647;
			files = (
			);
			runOnlyForDeploymentPostprocessing = 0;
		};
/* End PBXResourcesBuildPhase section */

/* Begin PBXSourcesBuildPhase section */
		6EBEEB752C71E7B000086347 /* Sources */ = {
			isa = PBXSourcesBuildPhase;
			buildActionMask = 2147483647;
			files = (
				6EBEEB7F2C71E7B000086347 /* ContentView.swift in Sources */,
				6EBEEB7D2C71E7B000086347 /* HealthKitPresentationStarterApp.swift in Sources */,
			);
			runOnlyForDeploymentPostprocessing = 0;
		};
		6EBEEB862C71E7B200086347 /* Sources */ = {
			isa = PBXSourcesBuildPhase;
			buildActionMask = 2147483647;
			files = (
				6EBEEB8F2C71E7B200086347 /* HealthKitPresentationStarterTests.swift in Sources */,
			);
			runOnlyForDeploymentPostprocessing = 0;
		};
		6EBEEB902C71E7B200086347 /* Sources */ = {
			isa = PBXSourcesBuildPhase;
			buildActionMask = 2147483647;
			files = (
				6EBEEB992C71E7B200086347 /* HealthKitPresentationStarterUITests.swift in Sources */,
				6EBEEB9B2C71E7B200086347 /* HealthKitPresentationStarterUITestsLaunchTests.swift in Sources */,
			);
			runOnlyForDeploymentPostprocessing = 0;
		};
/* End PBXSourcesBuildPhase section */

/* Begin PBXTargetDependency section */
		6EBEEB8C2C71E7B200086347 /* PBXTargetDependency */ = {
			isa = PBXTargetDependency;
			target = 6EBEEB782C71E7B000086347 /* HealthKitPresentationStarter */;
			targetProxy = 6EBEEB8B2C71E7B200086347 /* PBXContainerItemProxy */;
		};
		6EBEEB962C71E7B200086347 /* PBXTargetDependency */ = {
			isa = PBXTargetDependency;
			target = 6EBEEB782C71E7B000086347 /* HealthKitPresentationStarter */;
			targetProxy = 6EBEEB952C71E7B200086347 /* PBXContainerItemProxy */;
		};
/* End PBXTargetDependency section */

/* Begin XCBuildConfiguration section */
		6EBEEB9C2C71E7B200086347 /* Debug */ = {
			isa = XCBuildConfiguration;
			buildSettings = {
				ALWAYS_SEARCH_USER_PATHS = NO;
				ASSETCATALOG_COMPILER_GENERATE_SWIFT_ASSET_SYMBOL_EXTENSIONS = YES;
				CLANG_ANALYZER_NONNULL = YES;
				CLANG_ANALYZER_NUMBER_OBJECT_CONVERSION = YES_AGGRESSIVE;
				CLANG_CXX_LANGUAGE_STANDARD = "gnu++20";
				CLANG_ENABLE_MODULES = YES;
				CLANG_ENABLE_OBJC_ARC = YES;
				CLANG_ENABLE_OBJC_WEAK = YES;
				CLANG_WARN_BLOCK_CAPTURE_AUTORELEASING = YES;
				CLANG_WARN_BOOL_CONVERSION = YES;
				CLANG_WARN_COMMA = YES;
				CLANG_WARN_CONSTANT_CONVERSION = YES;
				CLANG_WARN_DEPRECATED_OBJC_IMPLEMENTATIONS = YES;
				CLANG_WARN_DIRECT_OBJC_ISA_USAGE = YES_ERROR;
				CLANG_WARN_DOCUMENTATION_COMMENTS = YES;
				CLANG_WARN_EMPTY_BODY = YES;
				CLANG_WARN_ENUM_CONVERSION = YES;
				CLANG_WARN_INFINITE_RECURSION = YES;
				CLANG_WARN_INT_CONVERSION = YES;
				CLANG_WARN_NON_LITERAL_NULL_CONVERSION = YES;
				CLANG_WARN_OBJC_IMPLICIT_RETAIN_SELF = YES;
				CLANG_WARN_OBJC_LITERAL_CONVERSION = YES;
				CLANG_WARN_OBJC_ROOT_CLASS = YES_ERROR;
				CLANG_WARN_QUOTED_INCLUDE_IN_FRAMEWORK_HEADER = YES;
				CLANG_WARN_RANGE_LOOP_ANALYSIS = YES;
				CLANG_WARN_STRICT_PROTOTYPES = YES;
				CLANG_WARN_SUSPICIOUS_MOVE = YES;
				CLANG_WARN_UNGUARDED_AVAILABILITY = YES_AGGRESSIVE;
				CLANG_WARN_UNREACHABLE_CODE = YES;
				CLANG_WARN__DUPLICATE_METHOD_MATCH = YES;
				COPY_PHASE_STRIP = NO;
				DEBUG_INFORMATION_FORMAT = dwarf;
				ENABLE_STRICT_OBJC_MSGSEND = YES;
				ENABLE_TESTABILITY = YES;
				ENABLE_USER_SCRIPT_SANDBOXING = YES;
				GCC_C_LANGUAGE_STANDARD = gnu17;
				GCC_DYNAMIC_NO_PIC = NO;
				GCC_NO_COMMON_BLOCKS = YES;
				GCC_OPTIMIZATION_LEVEL = 0;
				GCC_PREPROCESSOR_DEFINITIONS = (
					"DEBUG=1",
					"$(inherited)",
				);
				GCC_WARN_64_TO_32_BIT_CONVERSION = YES;
				GCC_WARN_ABOUT_RETURN_TYPE = YES_ERROR;
				GCC_WARN_UNDECLARED_SELECTOR = YES;
				GCC_WARN_UNINITIALIZED_AUTOS = YES_AGGRESSIVE;
				GCC_WARN_UNUSED_FUNCTION = YES;
				GCC_WARN_UNUSED_VARIABLE = YES;
				LOCALIZATION_PREFERS_STRING_CATALOGS = YES;
				MTL_ENABLE_DEBUG_INFO = INCLUDE_SOURCE;
				MTL_FAST_MATH = YES;
				ONLY_ACTIVE_ARCH = YES;
				SWIFT_ACTIVE_COMPILATION_CONDITIONS = "DEBUG $(inherited)";
				SWIFT_OPTIMIZATION_LEVEL = "-Onone";
			};
			name = Debug;
		};
		6EBEEB9D2C71E7B200086347 /* Release */ = {
			isa = XCBuildConfiguration;
			buildSettings = {
				ALWAYS_SEARCH_USER_PATHS = NO;
				ASSETCATALOG_COMPILER_GENERATE_SWIFT_ASSET_SYMBOL_EXTENSIONS = YES;
				CLANG_ANALYZER_NONNULL = YES;
				CLANG_ANALYZER_NUMBER_OBJECT_CONVERSION = YES_AGGRESSIVE;
				CLANG_CXX_LANGUAGE_STANDARD = "gnu++20";
				CLANG_ENABLE_MODULES = YES;
				CLANG_ENABLE_OBJC_ARC = YES;
				CLANG_ENABLE_OBJC_WEAK = YES;
				CLANG_WARN_BLOCK_CAPTURE_AUTORELEASING = YES;
				CLANG_WARN_BOOL_CONVERSION = YES;
				CLANG_WARN_COMMA = YES;
				CLANG_WARN_CONSTANT_CONVERSION = YES;
				CLANG_WARN_DEPRECATED_OBJC_IMPLEMENTATIONS = YES;
				CLANG_WARN_DIRECT_OBJC_ISA_USAGE = YES_ERROR;
				CLANG_WARN_DOCUMENTATION_COMMENTS = YES;
				CLANG_WARN_EMPTY_BODY = YES;
				CLANG_WARN_ENUM_CONVERSION = YES;
				CLANG_WARN_INFINITE_RECURSION = YES;
				CLANG_WARN_INT_CONVERSION = YES;
				CLANG_WARN_NON_LITERAL_NULL_CONVERSION = YES;
				CLANG_WARN_OBJC_IMPLICIT_RETAIN_SELF = YES;
				CLANG_WARN_OBJC_LITERAL_CONVERSION = YES;
				CLANG_WARN_OBJC_ROOT_CLASS = YES_ERROR;
				CLANG_WARN_QUOTED_INCLUDE_IN_FRAMEWORK_HEADER = YES;
				CLANG_WARN_RANGE_LOOP_ANALYSIS = YES;
				CLANG_WARN_STRICT_PROTOTYPES = YES;
				CLANG_WARN_SUSPICIOUS_MOVE = YES;
				CLANG_WARN_UNGUARDED_AVAILABILITY = YES_AGGRESSIVE;
				CLANG_WARN_UNREACHABLE_CODE = YES;
				CLANG_WARN__DUPLICATE_METHOD_MATCH = YES;
				COPY_PHASE_STRIP = NO;
				DEBUG_INFORMATION_FORMAT = "dwarf-with-dsym";
				ENABLE_NS_ASSERTIONS = NO;
				ENABLE_STRICT_OBJC_MSGSEND = YES;
				ENABLE_USER_SCRIPT_SANDBOXING = YES;
				GCC_C_LANGUAGE_STANDARD = gnu17;
				GCC_NO_COMMON_BLOCKS = YES;
				GCC_WARN_64_TO_32_BIT_CONVERSION = YES;
				GCC_WARN_ABOUT_RETURN_TYPE = YES_ERROR;
				GCC_WARN_UNDECLARED_SELECTOR = YES;
				GCC_WARN_UNINITIALIZED_AUTOS = YES_AGGRESSIVE;
				GCC_WARN_UNUSED_FUNCTION = YES;
				GCC_WARN_UNUSED_VARIABLE = YES;
				LOCALIZATION_PREFERS_STRING_CATALOGS = YES;
				MTL_ENABLE_DEBUG_INFO = NO;
				MTL_FAST_MATH = YES;
				SWIFT_COMPILATION_MODE = wholemodule;
			};
			name = Release;
		};
		6EBEEB9F2C71E7B200086347 /* Debug */ = {
			isa = XCBuildConfiguration;
			buildSettings = {
				ASSETCATALOG_COMPILER_APPICON_NAME = AppIcon;
				ASSETCATALOG_COMPILER_GLOBAL_ACCENT_COLOR_NAME = AccentColor;
				CODE_SIGN_ENTITLEMENTS = HealthKitPresentationStarter/HealthKitPresentationStarter.entitlements;
				CODE_SIGN_STYLE = Automatic;
				CURRENT_PROJECT_VERSION = 1;
				DEVELOPMENT_ASSET_PATHS = "\"HealthKitPresentationStarter/Preview Content\"";
				DEVELOPMENT_TEAM = QDUTEX33CU;
				ENABLE_HARDENED_RUNTIME = YES;
				ENABLE_PREVIEWS = YES;
				GENERATE_INFOPLIST_FILE = YES;
				"INFOPLIST_KEY_UIApplicationSceneManifest_Generation[sdk=iphoneos*]" = YES;
				"INFOPLIST_KEY_UIApplicationSceneManifest_Generation[sdk=iphonesimulator*]" = YES;
				"INFOPLIST_KEY_UIApplicationSupportsIndirectInputEvents[sdk=iphoneos*]" = YES;
				"INFOPLIST_KEY_UIApplicationSupportsIndirectInputEvents[sdk=iphonesimulator*]" = YES;
				"INFOPLIST_KEY_UILaunchScreen_Generation[sdk=iphoneos*]" = YES;
				"INFOPLIST_KEY_UILaunchScreen_Generation[sdk=iphonesimulator*]" = YES;
				"INFOPLIST_KEY_UIStatusBarStyle[sdk=iphoneos*]" = UIStatusBarStyleDefault;
				"INFOPLIST_KEY_UIStatusBarStyle[sdk=iphonesimulator*]" = UIStatusBarStyleDefault;
				INFOPLIST_KEY_UISupportedInterfaceOrientations_iPad = "UIInterfaceOrientationPortrait UIInterfaceOrientationPortraitUpsideDown UIInterfaceOrientationLandscapeLeft UIInterfaceOrientationLandscapeRight";
				INFOPLIST_KEY_UISupportedInterfaceOrientations_iPhone = "UIInterfaceOrientationPortrait UIInterfaceOrientationLandscapeLeft UIInterfaceOrientationLandscapeRight";
				IPHONEOS_DEPLOYMENT_TARGET = 17.5;
				LD_RUNPATH_SEARCH_PATHS = "@executable_path/Frameworks";
				"LD_RUNPATH_SEARCH_PATHS[sdk=macosx*]" = "@executable_path/../Frameworks";
				MACOSX_DEPLOYMENT_TARGET = 14.5;
				MARKETING_VERSION = 1.0;
				PRODUCT_BUNDLE_IDENTIFIER = com.matthiaszarzecki.HealthKitPresentationStarter;
				PRODUCT_NAME = "$(TARGET_NAME)";
				SDKROOT = auto;
				SUPPORTED_PLATFORMS = "iphoneos iphonesimulator macosx";
				SWIFT_EMIT_LOC_STRINGS = YES;
				SWIFT_VERSION = 5.0;
				TARGETED_DEVICE_FAMILY = "1,2";
			};
			name = Debug;
		};
		6EBEEBA02C71E7B200086347 /* Release */ = {
			isa = XCBuildConfiguration;
			buildSettings = {
				ASSETCATALOG_COMPILER_APPICON_NAME = AppIcon;
				ASSETCATALOG_COMPILER_GLOBAL_ACCENT_COLOR_NAME = AccentColor;
				CODE_SIGN_ENTITLEMENTS = HealthKitPresentationStarter/HealthKitPresentationStarter.entitlements;
				CODE_SIGN_STYLE = Automatic;
				CURRENT_PROJECT_VERSION = 1;
				DEVELOPMENT_ASSET_PATHS = "\"HealthKitPresentationStarter/Preview Content\"";
				DEVELOPMENT_TEAM = QDUTEX33CU;
				ENABLE_HARDENED_RUNTIME = YES;
				ENABLE_PREVIEWS = YES;
				GENERATE_INFOPLIST_FILE = YES;
				"INFOPLIST_KEY_UIApplicationSceneManifest_Generation[sdk=iphoneos*]" = YES;
				"INFOPLIST_KEY_UIApplicationSceneManifest_Generation[sdk=iphonesimulator*]" = YES;
				"INFOPLIST_KEY_UIApplicationSupportsIndirectInputEvents[sdk=iphoneos*]" = YES;
				"INFOPLIST_KEY_UIApplicationSupportsIndirectInputEvents[sdk=iphonesimulator*]" = YES;
				"INFOPLIST_KEY_UILaunchScreen_Generation[sdk=iphoneos*]" = YES;
				"INFOPLIST_KEY_UILaunchScreen_Generation[sdk=iphonesimulator*]" = YES;
				"INFOPLIST_KEY_UIStatusBarStyle[sdk=iphoneos*]" = UIStatusBarStyleDefault;
				"INFOPLIST_KEY_UIStatusBarStyle[sdk=iphonesimulator*]" = UIStatusBarStyleDefault;
				INFOPLIST_KEY_UISupportedInterfaceOrientations_iPad = "UIInterfaceOrientationPortrait UIInterfaceOrientationPortraitUpsideDown UIInterfaceOrientationLandscapeLeft UIInterfaceOrientationLandscapeRight";
				INFOPLIST_KEY_UISupportedInterfaceOrientations_iPhone = "UIInterfaceOrientationPortrait UIInterfaceOrientationLandscapeLeft UIInterfaceOrientationLandscapeRight";
				IPHONEOS_DEPLOYMENT_TARGET = 17.5;
				LD_RUNPATH_SEARCH_PATHS = "@executable_path/Frameworks";
				"LD_RUNPATH_SEARCH_PATHS[sdk=macosx*]" = "@executable_path/../Frameworks";
				MACOSX_DEPLOYMENT_TARGET = 14.5;
				MARKETING_VERSION = 1.0;
				PRODUCT_BUNDLE_IDENTIFIER = com.matthiaszarzecki.HealthKitPresentationStarter;
				PRODUCT_NAME = "$(TARGET_NAME)";
				SDKROOT = auto;
				SUPPORTED_PLATFORMS = "iphoneos iphonesimulator macosx";
				SWIFT_EMIT_LOC_STRINGS = YES;
				SWIFT_VERSION = 5.0;
				TARGETED_DEVICE_FAMILY = "1,2";
			};
			name = Release;
		};
		6EBEEBA22C71E7B200086347 /* Debug */ = {
			isa = XCBuildConfiguration;
			buildSettings = {
				ALWAYS_EMBED_SWIFT_STANDARD_LIBRARIES = YES;
				BUNDLE_LOADER = "$(TEST_HOST)";
				CODE_SIGN_STYLE = Automatic;
				CURRENT_PROJECT_VERSION = 1;
				DEVELOPMENT_TEAM = QDUTEX33CU;
				GENERATE_INFOPLIST_FILE = YES;
				IPHONEOS_DEPLOYMENT_TARGET = 17.5;
				MACOSX_DEPLOYMENT_TARGET = 14.5;
				MARKETING_VERSION = 1.0;
				PRODUCT_BUNDLE_IDENTIFIER = com.matthiaszarzecki.HealthKitPresentationStarterTests;
				PRODUCT_NAME = "$(TARGET_NAME)";
				SDKROOT = auto;
				SUPPORTED_PLATFORMS = "iphoneos iphonesimulator macosx";
				SWIFT_EMIT_LOC_STRINGS = NO;
				SWIFT_VERSION = 5.0;
				TARGETED_DEVICE_FAMILY = "1,2";
				TEST_HOST = "$(BUILT_PRODUCTS_DIR)/HealthKitPresentationStarter.app/$(BUNDLE_EXECUTABLE_FOLDER_PATH)/HealthKitPresentationStarter";
			};
			name = Debug;
		};
		6EBEEBA32C71E7B200086347 /* Release */ = {
			isa = XCBuildConfiguration;
			buildSettings = {
				ALWAYS_EMBED_SWIFT_STANDARD_LIBRARIES = YES;
				BUNDLE_LOADER = "$(TEST_HOST)";
				CODE_SIGN_STYLE = Automatic;
				CURRENT_PROJECT_VERSION = 1;
				DEVELOPMENT_TEAM = QDUTEX33CU;
				GENERATE_INFOPLIST_FILE = YES;
				IPHONEOS_DEPLOYMENT_TARGET = 17.5;
				MACOSX_DEPLOYMENT_TARGET = 14.5;
				MARKETING_VERSION = 1.0;
				PRODUCT_BUNDLE_IDENTIFIER = com.matthiaszarzecki.HealthKitPresentationStarterTests;
				PRODUCT_NAME = "$(TARGET_NAME)";
				SDKROOT = auto;
				SUPPORTED_PLATFORMS = "iphoneos iphonesimulator macosx";
				SWIFT_EMIT_LOC_STRINGS = NO;
				SWIFT_VERSION = 5.0;
				TARGETED_DEVICE_FAMILY = "1,2";
				TEST_HOST = "$(BUILT_PRODUCTS_DIR)/HealthKitPresentationStarter.app/$(BUNDLE_EXECUTABLE_FOLDER_PATH)/HealthKitPresentationStarter";
			};
			name = Release;
		};
		6EBEEBA52C71E7B200086347 /* Debug */ = {
			isa = XCBuildConfiguration;
			buildSettings = {
				ALWAYS_EMBED_SWIFT_STANDARD_LIBRARIES = YES;
				CODE_SIGN_STYLE = Automatic;
				CURRENT_PROJECT_VERSION = 1;
				DEVELOPMENT_TEAM = QDUTEX33CU;
				GENERATE_INFOPLIST_FILE = YES;
				IPHONEOS_DEPLOYMENT_TARGET = 17.5;
				MACOSX_DEPLOYMENT_TARGET = 14.5;
				MARKETING_VERSION = 1.0;
				PRODUCT_BUNDLE_IDENTIFIER = com.matthiaszarzecki.HealthKitPresentationStarterUITests;
				PRODUCT_NAME = "$(TARGET_NAME)";
				SDKROOT = auto;
				SUPPORTED_PLATFORMS = "iphoneos iphonesimulator macosx";
				SWIFT_EMIT_LOC_STRINGS = NO;
				SWIFT_VERSION = 5.0;
				TARGETED_DEVICE_FAMILY = "1,2";
				TEST_TARGET_NAME = HealthKitPresentationStarter;
			};
			name = Debug;
		};
		6EBEEBA62C71E7B200086347 /* Release */ = {
			isa = XCBuildConfiguration;
			buildSettings = {
				ALWAYS_EMBED_SWIFT_STANDARD_LIBRARIES = YES;
				CODE_SIGN_STYLE = Automatic;
				CURRENT_PROJECT_VERSION = 1;
				DEVELOPMENT_TEAM = QDUTEX33CU;
				GENERATE_INFOPLIST_FILE = YES;
				IPHONEOS_DEPLOYMENT_TARGET = 17.5;
				MACOSX_DEPLOYMENT_TARGET = 14.5;
				MARKETING_VERSION = 1.0;
				PRODUCT_BUNDLE_IDENTIFIER = com.matthiaszarzecki.HealthKitPresentationStarterUITests;
				PRODUCT_NAME = "$(TARGET_NAME)";
				SDKROOT = auto;
				SUPPORTED_PLATFORMS = "iphoneos iphonesimulator macosx";
				SWIFT_EMIT_LOC_STRINGS = NO;
				SWIFT_VERSION = 5.0;
				TARGETED_DEVICE_FAMILY = "1,2";
				TEST_TARGET_NAME = HealthKitPresentationStarter;
			};
			name = Release;
		};
/* End XCBuildConfiguration section */

/* Begin XCConfigurationList section */
		6EBEEB742C71E7B000086347 /* Build configuration list for PBXProject "HealthKitPresentationStarter" */ = {
			isa = XCConfigurationList;
			buildConfigurations = (
				6EBEEB9C2C71E7B200086347 /* Debug */,
				6EBEEB9D2C71E7B200086347 /* Release */,
			);
			defaultConfigurationIsVisible = 0;
			defaultConfigurationName = Release;
		};
		6EBEEB9E2C71E7B200086347 /* Build configuration list for PBXNativeTarget "HealthKitPresentationStarter" */ = {
			isa = XCConfigurationList;
			buildConfigurations = (
				6EBEEB9F2C71E7B200086347 /* Debug */,
				6EBEEBA02C71E7B200086347 /* Release */,
			);
			defaultConfigurationIsVisible = 0;
			defaultConfigurationName = Release;
		};
		6EBEEBA12C71E7B200086347 /* Build configuration list for PBXNativeTarget "HealthKitPresentationStarterTests" */ = {
			isa = XCConfigurationList;
			buildConfigurations = (
				6EBEEBA22C71E7B200086347 /* Debug */,
				6EBEEBA32C71E7B200086347 /* Release */,
			);
			defaultConfigurationIsVisible = 0;
			defaultConfigurationName = Release;
		};
		6EBEEBA42C71E7B200086347 /* Build configuration list for PBXNativeTarget "HealthKitPresentationStarterUITests" */ = {
			isa = XCConfigurationList;
			buildConfigurations = (
				6EBEEBA52C71E7B200086347 /* Debug */,
				6EBEEBA62C71E7B200086347 /* Release */,
			);
			defaultConfigurationIsVisible = 0;
			defaultConfigurationName = Release;
		};
/* End XCConfigurationList section */
	};
	rootObject = 6EBEEB712C71E7B000086347 /* Project object */;
}
